--- 
dependencies: 
  ruby-debug: 
    group: 
    - :development
    version: ">= 0"
  decent_exposure: 
    group: 
    - :default
    version: = 0.2.3
  sitemap_generator: 
    group: 
    - :default
    version: = 0.2.2
    require: []

  unencumbered: 
    group: 
    - :test
    version: ">= 0"
  rails: 
    group: 
    - :default
    version: = 2.3.5
  mongrel: 
    group: 
    - :development
    version: ">= 0"
  mysql: 
    group: 
    - :default
    version: ">= 0"
  authlogic: 
    group: 
    - :default
    version: = 2.1.5
  haml: 
    group: 
    - :default
    version: = 3.0.6
  newrelic_rpm: 
    group: 
    - :default
    version: = 2.9.8
  shoulda: 
    group: 
    - :test
    version: = 2.10.3
  rspec-rails: 
    group: 
    - :test
    version: = 1.3.2
  resque: 
    group: 
    - :default
    version: = 1.9.7
  paperclip: 
    group: 
    - :default
    version: = 2.3.3
  akephalos: 
    group: 
    - :test
    version: = 0.2.2
  state_machine: 
    group: 
    - :default
    version: = 0.9.3
  fabrication: 
    group: 
    - :test
    version: = 0.2.3
  capybara: 
    group: 
    - :test
    version: = 0.3.8
  launchy: 
    group: 
    - :development
    version: ">= 0"
  twitter: 
    group: 
    - :default
    version: = 0.9.8
specs: 
- rake: 
    version: 0.8.7
- activesupport: 
    version: 2.3.5
- rack: 
    version: 1.0.1
- actionpack: 
    version: 2.3.5
- actionmailer: 
    version: 2.3.5
- activerecord: 
    version: 2.3.5
- activeresource: 
    version: 2.3.5
- culerity: 
    version: 0.2.10
- mime-types: 
    version: "1.16"
- nokogiri: 
    version: 1.4.3.1
- rack-test: 
    version: 0.5.4
- ffi: 
    version: 0.6.3
- json_pure: 
    version: 1.4.4
- rubyzip: 
    version: 0.9.4
- selenium-webdriver: 
    version: 0.0.27
- capybara: 
    version: 0.3.8
- jruby-jars: 
    version: 1.5.1
- akephalos: 
    version: 0.2.2
- authlogic: 
    version: 2.1.5
- cgi_multipart_eof_fix: 
    version: 2.5.0
- columnize: 
    version: 0.3.1
- configuration: 
    version: 1.1.0
- crack: 
    version: 0.1.6
- daemons: 
    version: 1.1.0
- decent_exposure: 
    version: 0.2.3
- fabrication: 
    version: 0.2.3
- fastthread: 
    version: 1.0.7
- gem_plugin: 
    version: 0.2.3
- haml: 
    version: 3.0.6
- hashie: 
    version: 0.2.2
- httparty: 
    version: 0.5.2
- json: 
    version: 1.4.4
- launchy: 
    version: 0.3.7
- linecache: 
    version: "0.43"
- mongrel: 
    version: 1.1.5
- mysql: 
    version: 2.8.1
- newrelic_rpm: 
    version: 2.9.8
- oauth: 
    version: 0.4.1
- paperclip: 
    version: 2.3.3
- rails: 
    version: 2.3.5
- redis: 
    version: 2.0.5
- redis-namespace: 
    version: 0.7.0
- sinatra: 
    version: "1.0"
- vegas: 
    version: 0.1.7
- resque: 
    version: 1.9.7
- rspec: 
    version: 1.3.0
- rspec-rails: 
    version: 1.3.2
- ruby-debug-base: 
    version: 0.10.3
- ruby-debug: 
    version: 0.10.3
- shoulda: 
    version: 2.10.3
- sitemap_generator: 
    version: 0.2.2
- state_machine: 
    version: 0.9.3
- yajl-ruby: 
    version: 0.7.7
- twitter: 
    version: 0.9.8
- unencumbered: 
    version: 0.1.1
hash: 62df82b7e96d76d964a2adc8ed72d274a87909ba
sources: 
- Rubygems: 
    uri: http://gemcutter.org
